
Microsoft Visual Studio Solution File, Format Version 12.00
# Visual Studio 15
VisualStudioVersion = 15.0.28307.136
MinimumVisualStudioVersion = 10.0.40219.1
Project("{8BC9CEB8-8B4A-11D0-8D11-00A0C91BC942}") = "codeAESDES", "codeAESDES\codeAESDES.vcxproj", "{3DB4AE46-E321-406E-8348-241D0CBA18EB}"
EndProject
Project("{8BC9CEB8-8B4A-11D0-8D11-00A0C91BC942}") = "NTL", "NTL\NTL.vcxproj", "{FB17C15F-757C-471F-BAD3-D37909C6E16E}"
EndProject
Global
	GlobalSection(SolutionConfigurationPlatforms) = preSolution
		Debug|x64 = Debug|x64
		Debug|x86 = Debug|x86
		Release|x64 = Release|x64
		Release|x86 = Release|x86
	EndGlobalSection
	GlobalSection(ProjectConfigurationPlatforms) = postSolution
		{3DB4AE46-E321-406E-8348-241D0CBA18EB}.Debug|x64.ActiveCfg = Debug|x64
		{3DB4AE46-E321-406E-8348-241D0CBA18EB}.Debug|x64.Build.0 = Debug|x64
		{3DB4AE46-E321-406E-8348-241D0CBA18EB}.Debug|x86.ActiveCfg = Debug|Win32
		{3DB4AE46-E321-406E-8348-241D0CBA18EB}.Debug|x86.Build.0 = Debug|Win32
		{3DB4AE46-E321-406E-8348-241D0CBA18EB}.Release|x64.ActiveCfg = Release|x64
		{3DB4AE46-E321-406E-8348-241D0CBA18EB}.Release|x64.Build.0 = Release|x64
		{3DB4AE46-E321-406E-8348-241D0CBA18EB}.Release|x86.ActiveCfg = Release|Win32
		{3DB4AE46-E321-406E-8348-241D0CBA18EB}.Release|x86.Build.0 = Release|Win32
		{FB17C15F-757C-471F-BAD3-D37909C6E16E}.Debug|x64.ActiveCfg = Debug|x64
		{FB17C15F-757C-471F-BAD3-D37909C6E16E}.Debug|x64.Build.0 = Debug|x64
		{FB17C15F-757C-471F-BAD3-D37909C6E16E}.Debug|x86.ActiveCfg = Debug|Win32
		{FB17C15F-757C-471F-BAD3-D37909C6E16E}.Debug|x86.Build.0 = Debug|Win32
		{FB17C15F-757C-471F-BAD3-D37909C6E16E}.Release|x64.ActiveCfg = Release|x64
		{FB17C15F-757C-471F-BAD3-D37909C6E16E}.Release|x64.Build.0 = Release|x64
		{FB17C15F-757C-471F-BAD3-D37909C6E16E}.Release|x86.ActiveCfg = Release|Win32
		{FB17C15F-757C-471F-BAD3-D37909C6E16E}.Release|x86.Build.0 = Release|Win32
	EndGlobalSection
	GlobalSection(SolutionProperties) = preSolution
		HideSolutionNode = FALSE
	EndGlobalSection
	GlobalSection(ExtensibilityGlobals) = postSolution
		SolutionGuid = {3AF698A4-0388-4983-82C3-707B152426BB}
	EndGlobalSection
EndGlobal
